PODS:
  - FBAEMKit (18.0.2):
    - FBSDKCoreKit_Basics (= 18.0.2)
  - FBAudienceNetwork (6.20.1)
  - FBSDKCoreKit (18.0.2):
    - FBAEMKit (= 18.0.2)
    - FBSDKCoreKit_Basics (= 18.0.2)
  - FBSDKCoreKit_Basics (18.0.2)
  - Flutter (1.0.0)
  - flutter_meta_sdk (1.0.6):
    - FBAudienceNetwork (~> 6.15)
    - FBSDKCoreKit (~> 18.0.2)
    - Flutter

DEPENDENCIES:
  - Flutter (from `Flutter`)
  - flutter_meta_sdk (from `.symlinks/plugins/flutter_meta_sdk/ios`)

SPEC REPOS:
  trunk:
    - FBAEMKit
    - FBAudienceNetwork
    - FBSDKCoreKit
    - FBSDKCoreKit_Basics

EXTERNAL SOURCES:
  Flutter:
    :path: Flutter
  flutter_meta_sdk:
    :path: ".symlinks/plugins/flutter_meta_sdk/ios"

SPEC CHECKSUMS:
  FBAEMKit: 56a4f5a9607957b547b6458b17a98c5bb2736367
  FBAudienceNetwork: 08e86d63a05b3a5a59414af12e4af8d756943c80
  FBSDKCoreKit: 54f1240567e16862ab71c53c33dc347db5c524c5
  FBSDKCoreKit_Basics: eb530cd6a79030dbb11df460aafb2767bcad9028
  Flutter: cabc95a1d2626b1b06e7179b784ebcf0c0cde467
  flutter_meta_sdk: 399ee0b61d0da4f7a819b90d5cf9f390321231ba

PODFILE CHECKSUM: 4e8f8b2be68aeea4c0d5beb6ff1e79fface1d048

COCOAPODS: 1.16.2
